
Microsoft Visual Studio Solution File, Format Version 12.00
# Visual Studio 2013
VisualStudioVersion = 12.0.40629.0
MinimumVisualStudioVersion = 10.0.40219.1
Project("{FAE04EC0-301F-11D3-BF4B-00C04F79EFBC}") = "Baiana20", "Baiana20.csproj", "{DBE4F6BA-3536-4EA1-AE0D-5DBB6F45619A}"
EndProject
Global
	GlobalSection(SolutionConfigurationPlatforms) = preSolution
		Debug|Any CPU = Debug|Any CPU
		Release|Any CPU = Release|Any CPU
	EndGlobalSection
	GlobalSection(ProjectConfigurationPlatforms) = postSolution
		{DBE4F6BA-3536-4EA1-AE0D-5DBB6F45619A}.Debug|Any CPU.ActiveCfg = Debug|Any CPU
		{DBE4F6BA-3536-4EA1-AE0D-5DBB6F45619A}.Debug|Any CPU.Build.0 = Debug|Any CPU
		{DBE4F6BA-3536-4EA1-AE0D-5DBB6F45619A}.Release|Any CPU.ActiveCfg = Release|Any CPU
		{DBE4F6BA-3536-4EA1-AE0D-5DBB6F45619A}.Release|Any CPU.Build.0 = Release|Any CPU
		{DBE4F6BA-3536-4EA1-AE0D-5DBB6F45619A}.Release|Any CPU.Deploy.0 = Release|Any CPU
	EndGlobalSection
	GlobalSection(SolutionProperties) = preSolution
		HideSolutionNode = FALSE
	EndGlobalSection
EndGlobal
